// !$*UTF8*$!
{
	archiveVersion = 1;
	classes = {
	};
	objectVersion = 46;
	objects = {

/* Begin PBXBuildFile section */
		3F1D54C01D2B53D200B055CF /* CoworkerViewController.swift in Sources */ = {isa = PBXBuildFile; fileRef = 3F1D54BF1D2B53D200B055CF /* CoworkerViewController.swift */; };
		3F1D54C21D2B955D00B055CF /* ThisCoworkerViewController.swift in Sources */ = {isa = PBXBuildFile; fileRef = 3F1D54C11D2B955D00B055CF /* ThisCoworkerViewController.swift */; };
		3F2C76311D41F14900643CDB /* LeaderboardViewController.swift in Sources */ = {isa = PBXBuildFile; fileRef = 3F2C76301D41F14900643CDB /* LeaderboardViewController.swift */; };
		3F2C76331D4225DB00643CDB /* UpgradeViewController.swift in Sources */ = {isa = PBXBuildFile; fileRef = 3F2C76321D4225DB00643CDB /* UpgradeViewController.swift */; };
		3F2E46BA1D3676E000EBDE9D /* BebasNeue.otf in Resources */ = {isa = PBXBuildFile; fileRef = 3F2E46B91D3676E000EBDE9D /* BebasNeue.otf */; };
		3F3810471D33527B00165969 /* Constants&Modules.swift in Sources */ = {isa = PBXBuildFile; fileRef = 3F3810461D33527B00165969 /* Constants&Modules.swift */; };
		3F3A25151D2CD16A003BCD5B /* MessageViewController.swift in Sources */ = {isa = PBXBuildFile; fileRef = 3F3A25141D2CD16A003BCD5B /* MessageViewController.swift */; };
		3F3A25171D2CF164003BCD5B /* WriteupViewController.swift in Sources */ = {isa = PBXBuildFile; fileRef = 3F3A25161D2CF164003BCD5B /* WriteupViewController.swift */; };
		3F3A25191D2CFE5C003BCD5B /* DateTimeModules.swift in Sources */ = {isa = PBXBuildFile; fileRef = 3F3A25181D2CFE5C003BCD5B /* DateTimeModules.swift */; };
		3F3A251B1D2E4F38003BCD5B /* EditDetailsViewController.swift in Sources */ = {isa = PBXBuildFile; fileRef = 3F3A251A1D2E4F38003BCD5B /* EditDetailsViewController.swift */; };
		3F5A13511D23A13D00DC8BD0 /* ColorWheel.swift in Sources */ = {isa = PBXBuildFile; fileRef = 3F5A13501D23A13D00DC8BD0 /* ColorWheel.swift */; };
		3F5A13531D23A1CC00DC8BD0 /* ColorWheelViewController.swift in Sources */ = {isa = PBXBuildFile; fileRef = 3F5A13521D23A1CC00DC8BD0 /* ColorWheelViewController.swift */; };
		3F5E362B1D1A7C31000C33D8 /* AppDelegate.swift in Sources */ = {isa = PBXBuildFile; fileRef = 3F5E362A1D1A7C31000C33D8 /* AppDelegate.swift */; };
		3F5E362D1D1A7C31000C33D8 /* ImageUploadController.swift in Sources */ = {isa = PBXBuildFile; fileRef = 3F5E362C1D1A7C31000C33D8 /* ImageUploadController.swift */; };
		3F5E36301D1A7C31000C33D8 /* Main.storyboard in Resources */ = {isa = PBXBuildFile; fileRef = 3F5E362E1D1A7C31000C33D8 /* Main.storyboard */; };
		3F5E36321D1A7C31000C33D8 /* Assets.xcassets in Resources */ = {isa = PBXBuildFile; fileRef = 3F5E36311D1A7C31000C33D8 /* Assets.xcassets */; };
		3F5E36351D1A7C31000C33D8 /* LaunchScreen.storyboard in Resources */ = {isa = PBXBuildFile; fileRef = 3F5E36331D1A7C31000C33D8 /* LaunchScreen.storyboard */; };
		3F5E36401D1A7C31000C33D8 /* Office_Forest_AppTests.swift in Sources */ = {isa = PBXBuildFile; fileRef = 3F5E363F1D1A7C31000C33D8 /* Office_Forest_AppTests.swift */; };
		3F5E364B1D1A7C31000C33D8 /* Office_Forest_AppUITests.swift in Sources */ = {isa = PBXBuildFile; fileRef = 3F5E364A1D1A7C31000C33D8 /* Office_Forest_AppUITests.swift */; };
		3F5E36591D1A7C80000C33D8 /* LoginViewController.swift in Sources */ = {isa = PBXBuildFile; fileRef = 3F5E36581D1A7C80000C33D8 /* LoginViewController.swift */; };
		3F5E365B1D1A7DB3000C33D8 /* databaseModel.swift in Sources */ = {isa = PBXBuildFile; fileRef = 3F5E365A1D1A7DB3000C33D8 /* databaseModel.swift */; };
		3F5E365D1D1A7EDD000C33D8 /* FirstViewController.swift in Sources */ = {isa = PBXBuildFile; fileRef = 3F5E365C1D1A7EDD000C33D8 /* FirstViewController.swift */; };
		3F5E365F1D1A7EE8000C33D8 /* SecondViewController.swift in Sources */ = {isa = PBXBuildFile; fileRef = 3F5E365E1D1A7EE8000C33D8 /* SecondViewController.swift */; };
		3F5E36611D1A7EEE000C33D8 /* plantObjectClass.swift in Sources */ = {isa = PBXBuildFile; fileRef = 3F5E36601D1A7EEE000C33D8 /* plantObjectClass.swift */; };
		3F5E36631D1A8E57000C33D8 /* ThirdViewController.swift in Sources */ = {isa = PBXBuildFile; fileRef = 3F5E36621D1A8E57000C33D8 /* ThirdViewController.swift */; };
		3F92B30F1D34C79F00520DA6 /* ThatCoworkerViewController.swift in Sources */ = {isa = PBXBuildFile; fileRef = 3F92B30E1D34C79F00520DA6 /* ThatCoworkerViewController.swift */; };
		3FF90DCE1D3B801300730159 /* CommentSectionViewController.swift in Sources */ = {isa = PBXBuildFile; fileRef = 3FF90DCD1D3B801300730159 /* CommentSectionViewController.swift */; };
/* End PBXBuildFile section */

/* Begin PBXContainerItemProxy section */
		3F5E363C1D1A7C31000C33D8 /* PBXContainerItemProxy */ = {
			isa = PBXContainerItemProxy;
			containerPortal = 3F5E361F1D1A7C31000C33D8 /* Project object */;
			proxyType = 1;
			remoteGlobalIDString = 3F5E36261D1A7C31000C33D8;
			remoteInfo = "Office Forest App";
		};
		3F5E36471D1A7C31000C33D8 /* PBXContainerItemProxy */ = {
			isa = PBXContainerItemProxy;
			containerPortal = 3F5E361F1D1A7C31000C33D8 /* Project object */;
			proxyType = 1;
			remoteGlobalIDString = 3F5E36261D1A7C31000C33D8;
			remoteInfo = "Office Forest App";
		};
/* End PBXContainerItemProxy section */

/* Begin PBXFileReference section */
		3F1D54BF1D2B53D200B055CF /* CoworkerViewController.swift */ = {isa = PBXFileReference; fileEncoding = 4; lastKnownFileType = sourcecode.swift; path = CoworkerViewController.swift; sourceTree = "<group>"; };
		3F1D54C11D2B955D00B055CF /* ThisCoworkerViewController.swift */ = {isa = PBXFileReference; fileEncoding = 4; lastKnownFileType = sourcecode.swift; name = ThisCoworkerViewController.swift; path = ../ThisCoworkerViewController.swift; sourceTree = "<group>"; };
		3F2C76301D41F14900643CDB /* LeaderboardViewController.swift */ = {isa = PBXFileReference; fileEncoding = 4; lastKnownFileType = sourcecode.swift; name = LeaderboardViewController.swift; path = ../LeaderboardViewController.swift; sourceTree = "<group>"; };
		3F2C76321D4225DB00643CDB /* UpgradeViewController.swift */ = {isa = PBXFileReference; fileEncoding = 4; lastKnownFileType = sourcecode.swift; name = UpgradeViewController.swift; path = ../UpgradeViewController.swift; sourceTree = "<group>"; };
		3F2E46B91D3676E000EBDE9D /* BebasNeue.otf */ = {isa = PBXFileReference; lastKnownFileType = file; path = BebasNeue.otf; sourceTree = "<group>"; };
		3F3810461D33527B00165969 /* Constants&Modules.swift */ = {isa = PBXFileReference; fileEncoding = 4; lastKnownFileType = sourcecode.swift; name = "Constants&Modules.swift"; path = "../Constants&Modules.swift"; sourceTree = "<group>"; };
		3F3A25141D2CD16A003BCD5B /* MessageViewController.swift */ = {isa = PBXFileReference; fileEncoding = 4; lastKnownFileType = sourcecode.swift; name = MessageViewController.swift; path = ../MessageViewController.swift; sourceTree = "<group>"; };
		3F3A25161D2CF164003BCD5B /* WriteupViewController.swift */ = {isa = PBXFileReference; fileEncoding = 4; lastKnownFileType = sourcecode.swift; name = WriteupViewController.swift; path = ../WriteupViewController.swift; sourceTree = "<group>"; };
		3F3A25181D2CFE5C003BCD5B /* DateTimeModules.swift */ = {isa = PBXFileReference; fileEncoding = 4; lastKnownFileType = sourcecode.swift; name = DateTimeModules.swift; path = ../DateTimeModules.swift; sourceTree = "<group>"; };
		3F3A251A1D2E4F38003BCD5B /* EditDetailsViewController.swift */ = {isa = PBXFileReference; fileEncoding = 4; lastKnownFileType = sourcecode.swift; name = EditDetailsViewController.swift; path = ../EditDetailsViewController.swift; sourceTree = "<group>"; };
		3F5A13501D23A13D00DC8BD0 /* ColorWheel.swift */ = {isa = PBXFileReference; fileEncoding = 4; lastKnownFileType = sourcecode.swift; path = ColorWheel.swift; sourceTree = "<group>"; };
		3F5A13521D23A1CC00DC8BD0 /* ColorWheelViewController.swift */ = {isa = PBXFileReference; fileEncoding = 4; lastKnownFileType = sourcecode.swift; path = ColorWheelViewController.swift; sourceTree = "<group>"; };
		3F5E36271D1A7C31000C33D8 /* Office Forest App.app */ = {isa = PBXFileReference; explicitFileType = wrapper.application; includeInIndex = 0; path = "Office Forest App.app"; sourceTree = BUILT_PRODUCTS_DIR; };
		3F5E362A1D1A7C31000C33D8 /* AppDelegate.swift */ = {isa = PBXFileReference; lastKnownFileType = sourcecode.swift; path = AppDelegate.swift; sourceTree = "<group>"; };
		3F5E362C1D1A7C31000C33D8 /* ImageUploadController.swift */ = {isa = PBXFileReference; lastKnownFileType = sourcecode.swift; path = ImageUploadController.swift; sourceTree = "<group>"; };
		3F5E362F1D1A7C31000C33D8 /* Base */ = {isa = PBXFileReference; lastKnownFileType = file.storyboard; name = Base; path = Base.lproj/Main.storyboard; sourceTree = "<group>"; };
		3F5E36311D1A7C31000C33D8 /* Assets.xcassets */ = {isa = PBXFileReference; lastKnownFileType = folder.assetcatalog; path = Assets.xcassets; sourceTree = "<group>"; };
		3F5E36341D1A7C31000C33D8 /* Base */ = {isa = PBXFileReference; lastKnownFileType = file.storyboard; name = Base; path = Base.lproj/LaunchScreen.storyboard; sourceTree = "<group>"; };
		3F5E36361D1A7C31000C33D8 /* Info.plist */ = {isa = PBXFileReference; lastKnownFileType = text.plist.xml; path = Info.plist; sourceTree = "<group>"; };
		3F5E363B1D1A7C31000C33D8 /* Office Forest AppTests.xctest */ = {isa = PBXFileReference; explicitFileType = wrapper.cfbundle; includeInIndex = 0; path = "Office Forest AppTests.xctest"; sourceTree = BUILT_PRODUCTS_DIR; };
		3F5E363F1D1A7C31000C33D8 /* Office_Forest_AppTests.swift */ = {isa = PBXFileReference; lastKnownFileType = sourcecode.swift; path = Office_Forest_AppTests.swift; sourceTree = "<group>"; };
		3F5E36411D1A7C31000C33D8 /* Info.plist */ = {isa = PBXFileReference; lastKnownFileType = text.plist.xml; path = Info.plist; sourceTree = "<group>"; };
		3F5E36461D1A7C31000C33D8 /* Office Forest AppUITests.xctest */ = {isa = PBXFileReference; explicitFileType = wrapper.cfbundle; includeInIndex = 0; path = "Office Forest AppUITests.xctest"; sourceTree = BUILT_PRODUCTS_DIR; };
		3F5E364A1D1A7C31000C33D8 /* Office_Forest_AppUITests.swift */ = {isa = PBXFileReference; lastKnownFileType = sourcecode.swift; path = Office_Forest_AppUITests.swift; sourceTree = "<group>"; };
		3F5E364C1D1A7C31000C33D8 /* Info.plist */ = {isa = PBXFileReference; lastKnownFileType = text.plist.xml; path = Info.plist; sourceTree = "<group>"; };
		3F5E36581D1A7C80000C33D8 /* LoginViewController.swift */ = {isa = PBXFileReference; fileEncoding = 4; lastKnownFileType = sourcecode.swift; path = LoginViewController.swift; sourceTree = "<group>"; };
		3F5E365A1D1A7DB3000C33D8 /* databaseModel.swift */ = {isa = PBXFileReference; fileEncoding = 4; lastKnownFileType = sourcecode.swift; path = databaseModel.swift; sourceTree = "<group>"; };
		3F5E365C1D1A7EDD000C33D8 /* FirstViewController.swift */ = {isa = PBXFileReference; fileEncoding = 4; lastKnownFileType = sourcecode.swift; path = FirstViewController.swift; sourceTree = "<group>"; };
		3F5E365E1D1A7EE8000C33D8 /* SecondViewController.swift */ = {isa = PBXFileReference; fileEncoding = 4; lastKnownFileType = sourcecode.swift; path = SecondViewController.swift; sourceTree = "<group>"; };
		3F5E36601D1A7EEE000C33D8 /* plantObjectClass.swift */ = {isa = PBXFileReference; fileEncoding = 4; lastKnownFileType = sourcecode.swift; path = plantObjectClass.swift; sourceTree = "<group>"; };
		3F5E36621D1A8E57000C33D8 /* ThirdViewController.swift */ = {isa = PBXFileReference; fileEncoding = 4; lastKnownFileType = sourcecode.swift; name = ThirdViewController.swift; path = ../ThirdViewController.swift; sourceTree = "<group>"; };
		3F92B30E1D34C79F00520DA6 /* ThatCoworkerViewController.swift */ = {isa = PBXFileReference; fileEncoding = 4; lastKnownFileType = sourcecode.swift; name = ThatCoworkerViewController.swift; path = ../ThatCoworkerViewController.swift; sourceTree = "<group>"; };
		3FF90DCD1D3B801300730159 /* CommentSectionViewController.swift */ = {isa = PBXFileReference; fileEncoding = 4; lastKnownFileType = sourcecode.swift; name = CommentSectionViewController.swift; path = ../CommentSectionViewController.swift; sourceTree = "<group>"; };
/* End PBXFileReference section */

/* Begin PBXFrameworksBuildPhase section */
		3F5E36241D1A7C31000C33D8 /* Frameworks */ = {
			isa = PBXFrameworksBuildPhase;
			buildActionMask = 2147483647;
			files = (
			);
			runOnlyForDeploymentPostprocessing = 0;
		};
		3F5E36381D1A7C31000C33D8 /* Frameworks */ = {
			isa = PBXFrameworksBuildPhase;
			buildActionMask = 2147483647;
			files = (
			);
			runOnlyForDeploymentPostprocessing = 0;
		};
		3F5E36431D1A7C31000C33D8 /* Frameworks */ = {
			isa = PBXFrameworksBuildPhase;
			buildActionMask = 2147483647;
			files = (
			);
			runOnlyForDeploymentPostprocessing = 0;
		};
/* End PBXFrameworksBuildPhase section */

/* Begin PBXGroup section */
		3F5E361E1D1A7C31000C33D8 = {
			isa = PBXGroup;
			children = (
				3F5E36291D1A7C31000C33D8 /* Office Forest App */,
				3F5E363E1D1A7C31000C33D8 /* Office Forest AppTests */,
				3F5E36491D1A7C31000C33D8 /* Office Forest AppUITests */,
				3F5E36281D1A7C31000C33D8 /* Products */,
			);
			sourceTree = "<group>";
		};
		3F5E36281D1A7C31000C33D8 /* Products */ = {
			isa = PBXGroup;
			children = (
				3F5E36271D1A7C31000C33D8 /* Office Forest App.app */,
				3F5E363B1D1A7C31000C33D8 /* Office Forest AppTests.xctest */,
				3F5E36461D1A7C31000C33D8 /* Office Forest AppUITests.xctest */,
			);
			name = Products;
			sourceTree = "<group>";
		};
		3F5E36291D1A7C31000C33D8 /* Office Forest App */ = {
			isa = PBXGroup;
			children = (
				3F5E365A1D1A7DB3000C33D8 /* databaseModel.swift */,
				3F5E362A1D1A7C31000C33D8 /* AppDelegate.swift */,
				3F5E365C1D1A7EDD000C33D8 /* FirstViewController.swift */,
				3F5E365E1D1A7EE8000C33D8 /* SecondViewController.swift */,
				3F5E36621D1A8E57000C33D8 /* ThirdViewController.swift */,
				3F1D54BF1D2B53D200B055CF /* CoworkerViewController.swift */,
				3F1D54C11D2B955D00B055CF /* ThisCoworkerViewController.swift */,
				3F92B30E1D34C79F00520DA6 /* ThatCoworkerViewController.swift */,
				3F5A13521D23A1CC00DC8BD0 /* ColorWheelViewController.swift */,
				3F5E362C1D1A7C31000C33D8 /* ImageUploadController.swift */,
				3F3A25141D2CD16A003BCD5B /* MessageViewController.swift */,
				3F3A251A1D2E4F38003BCD5B /* EditDetailsViewController.swift */,
				3FF90DCD1D3B801300730159 /* CommentSectionViewController.swift */,
				3F3A25161D2CF164003BCD5B /* WriteupViewController.swift */,
				3F5E36581D1A7C80000C33D8 /* LoginViewController.swift */,
				3F2C76301D41F14900643CDB /* LeaderboardViewController.swift */,
				3F2C76321D4225DB00643CDB /* UpgradeViewController.swift */,
				3F5E362E1D1A7C31000C33D8 /* Main.storyboard */,
				3F3810461D33527B00165969 /* Constants&Modules.swift */,
				3F3A25181D2CFE5C003BCD5B /* DateTimeModules.swift */,
				3F5E36601D1A7EEE000C33D8 /* plantObjectClass.swift */,
				3F5A13501D23A13D00DC8BD0 /* ColorWheel.swift */,
				3F5E36311D1A7C31000C33D8 /* Assets.xcassets */,
				3F2E46B91D3676E000EBDE9D /* BebasNeue.otf */,
				3F5E36331D1A7C31000C33D8 /* LaunchScreen.storyboard */,
				3F5E36361D1A7C31000C33D8 /* Info.plist */,
			);
			path = "Office Forest App";
			sourceTree = "<group>";
		};
		3F5E363E1D1A7C31000C33D8 /* Office Forest AppTests */ = {
			isa = PBXGroup;
			children = (
				3F5E363F1D1A7C31000C33D8 /* Office_Forest_AppTests.swift */,
				3F5E36411D1A7C31000C33D8 /* Info.plist */,
			);
			path = "Office Forest AppTests";
			sourceTree = "<group>";
		};
		3F5E36491D1A7C31000C33D8 /* Office Forest AppUITests */ = {
			isa = PBXGroup;
			children = (
				3F5E364A1D1A7C31000C33D8 /* Office_Forest_AppUITests.swift */,
				3F5E364C1D1A7C31000C33D8 /* Info.plist */,
			);
			path = "Office Forest AppUITests";
			sourceTree = "<group>";
		};
/* End PBXGroup section */

/* Begin PBXNativeTarget section */
		3F5E36261D1A7C31000C33D8 /* Office Forest App */ = {
			isa = PBXNativeTarget;
			buildConfigurationList = 3F5E364F1D1A7C31000C33D8 /* Build configuration list for PBXNativeTarget "Office Forest App" */;
			buildPhases = (
				3F5E36231D1A7C31000C33D8 /* Sources */,
				3F5E36241D1A7C31000C33D8 /* Frameworks */,
				3F5E36251D1A7C31000C33D8 /* Resources */,
			);
			buildRules = (
			);
			dependencies = (
			);
			name = "Office Forest App";
			productName = "Office Forest App";
			productReference = 3F5E36271D1A7C31000C33D8 /* Office Forest App.app */;
			productType = "com.apple.product-type.application";
		};
		3F5E363A1D1A7C31000C33D8 /* Office Forest AppTests */ = {
			isa = PBXNativeTarget;
			buildConfigurationList = 3F5E36521D1A7C31000C33D8 /* Build configuration list for PBXNativeTarget "Office Forest AppTests" */;
			buildPhases = (
				3F5E36371D1A7C31000C33D8 /* Sources */,
				3F5E36381D1A7C31000C33D8 /* Frameworks */,
				3F5E36391D1A7C31000C33D8 /* Resources */,
			);
			buildRules = (
			);
			dependencies = (
				3F5E363D1D1A7C31000C33D8 /* PBXTargetDependency */,
			);
			name = "Office Forest AppTests";
			productName = "Office Forest AppTests";
			productReference = 3F5E363B1D1A7C31000C33D8 /* Office Forest AppTests.xctest */;
			productType = "com.apple.product-type.bundle.unit-test";
		};
		3F5E36451D1A7C31000C33D8 /* Office Forest AppUITests */ = {
			isa = PBXNativeTarget;
			buildConfigurationList = 3F5E36551D1A7C31000C33D8 /* Build configuration list for PBXNativeTarget "Office Forest AppUITests" */;
			buildPhases = (
				3F5E36421D1A7C31000C33D8 /* Sources */,
				3F5E36431D1A7C31000C33D8 /* Frameworks */,
				3F5E36441D1A7C31000C33D8 /* Resources */,
			);
			buildRules = (
			);
			dependencies = (
				3F5E36481D1A7C31000C33D8 /* PBXTargetDependency */,
			);
			name = "Office Forest AppUITests";
			productName = "Office Forest AppUITests";
			productReference = 3F5E36461D1A7C31000C33D8 /* Office Forest AppUITests.xctest */;
			productType = "com.apple.product-type.bundle.ui-testing";
		};
/* End PBXNativeTarget section */

/* Begin PBXProject section */
		3F5E361F1D1A7C31000C33D8 /* Project object */ = {
			isa = PBXProject;
			attributes = {
				LastSwiftUpdateCheck = 0730;
				LastUpgradeCheck = 0730;
				ORGANIZATIONNAME = "SUTD-ZJU Collaboration";
				TargetAttributes = {
					3F5E36261D1A7C31000C33D8 = {
						CreatedOnToolsVersion = 7.3.1;
						DevelopmentTeam = 8B4YPMUP9A;
					};
					3F5E363A1D1A7C31000C33D8 = {
						CreatedOnToolsVersion = 7.3.1;
						TestTargetID = 3F5E36261D1A7C31000C33D8;
					};
					3F5E36451D1A7C31000C33D8 = {
						CreatedOnToolsVersion = 7.3.1;
						TestTargetID = 3F5E36261D1A7C31000C33D8;
					};
				};
			};
			buildConfigurationList = 3F5E36221D1A7C31000C33D8 /* Build configuration list for PBXProject "Office Forest App" */;
			compatibilityVersion = "Xcode 3.2";
			developmentRegion = English;
			hasScannedForEncodings = 0;
			knownRegions = (
				en,
				Base,
			);
			mainGroup = 3F5E361E1D1A7C31000C33D8;
			productRefGroup = 3F5E36281D1A7C31000C33D8 /* Products */;
			projectDirPath = "";
			projectRoot = "";
			targets = (
				3F5E36261D1A7C31000C33D8 /* Office Forest App */,
				3F5E363A1D1A7C31000C33D8 /* Office Forest AppTests */,
				3F5E36451D1A7C31000C33D8 /* Office Forest AppUITests */,
			);
		};
/* End PBXProject section */

/* Begin PBXResourcesBuildPhase section */
		3F5E36251D1A7C31000C33D8 /* Resources */ = {
			isa = PBXResourcesBuildPhase;
			buildActionMask = 2147483647;
			files = (
				3F5E36351D1A7C31000C33D8 /* LaunchScreen.storyboard in Resources */,
				3F5E36321D1A7C31000C33D8 /* Assets.xcassets in Resources */,
				3F2E46BA1D3676E000EBDE9D /* BebasNeue.otf in Resources */,
				3F5E36301D1A7C31000C33D8 /* Main.storyboard in Resources */,
			);
			runOnlyForDeploymentPostprocessing = 0;
		};
		3F5E36391D1A7C31000C33D8 /* Resources */ = {
			isa = PBXResourcesBuildPhase;
			buildActionMask = 2147483647;
			files = (
			);
			runOnlyForDeploymentPostprocessing = 0;
		};
		3F5E36441D1A7C31000C33D8 /* Resources */ = {
			isa = PBXResourcesBuildPhase;
			buildActionMask = 2147483647;
			files = (
			);
			runOnlyForDeploymentPostprocessing = 0;
		};
/* End PBXResourcesBuildPhase section */

/* Begin PBXSourcesBuildPhase section */
		3F5E36231D1A7C31000C33D8 /* Sources */ = {
			isa = PBXSourcesBuildPhase;
			buildActionMask = 2147483647;
			files = (
				3F92B30F1D34C79F00520DA6 /* ThatCoworkerViewController.swift in Sources */,
				3F5E365F1D1A7EE8000C33D8 /* SecondViewController.swift in Sources */,
				3F2C76311D41F14900643CDB /* LeaderboardViewController.swift in Sources */,
				3F3A25171D2CF164003BCD5B /* WriteupViewController.swift in Sources */,
				3F3A25151D2CD16A003BCD5B /* MessageViewController.swift in Sources */,
				3F5E365D1D1A7EDD000C33D8 /* FirstViewController.swift in Sources */,
				3F5A13531D23A1CC00DC8BD0 /* ColorWheelViewController.swift in Sources */,
				3F3A251B1D2E4F38003BCD5B /* EditDetailsViewController.swift in Sources */,
				3F5A13511D23A13D00DC8BD0 /* ColorWheel.swift in Sources */,
				3F5E365B1D1A7DB3000C33D8 /* databaseModel.swift in Sources */,
				3F5E36591D1A7C80000C33D8 /* LoginViewController.swift in Sources */,
				3F3A25191D2CFE5C003BCD5B /* DateTimeModules.swift in Sources */,
				3F5E362D1D1A7C31000C33D8 /* ImageUploadController.swift in Sources */,
				3F2C76331D4225DB00643CDB /* UpgradeViewController.swift in Sources */,
				3F5E362B1D1A7C31000C33D8 /* AppDelegate.swift in Sources */,
				3FF90DCE1D3B801300730159 /* CommentSectionViewController.swift in Sources */,
				3F1D54C21D2B955D00B055CF /* ThisCoworkerViewController.swift in Sources */,
				3F5E36631D1A8E57000C33D8 /* ThirdViewController.swift in Sources */,
				3F3810471D33527B00165969 /* Constants&Modules.swift in Sources */,
				3F5E36611D1A7EEE000C33D8 /* plantObjectClass.swift in Sources */,
				3F1D54C01D2B53D200B055CF /* CoworkerViewController.swift in Sources */,
			);
			runOnlyForDeploymentPostprocessing = 0;
		};
		3F5E36371D1A7C31000C33D8 /* Sources */ = {
			isa = PBXSourcesBuildPhase;
			buildActionMask = 2147483647;
			files = (
				3F5E36401D1A7C31000C33D8 /* Office_Forest_AppTests.swift in Sources */,
			);
			runOnlyForDeploymentPostprocessing = 0;
		};
		3F5E36421D1A7C31000C33D8 /* Sources */ = {
			isa = PBXSourcesBuildPhase;
			buildActionMask = 2147483647;
			files = (
				3F5E364B1D1A7C31000C33D8 /* Office_Forest_AppUITests.swift in Sources */,
			);
			runOnlyForDeploymentPostprocessing = 0;
		};
/* End PBXSourcesBuildPhase section */

/* Begin PBXTargetDependency section */
		3F5E363D1D1A7C31000C33D8 /* PBXTargetDependency */ = {
			isa = PBXTargetDependency;
			target = 3F5E36261D1A7C31000C33D8 /* Office Forest App */;
			targetProxy = 3F5E363C1D1A7C31000C33D8 /* PBXContainerItemProxy */;
		};
		3F5E36481D1A7C31000C33D8 /* PBXTargetDependency */ = {
			isa = PBXTargetDependency;
			target = 3F5E36261D1A7C31000C33D8 /* Office Forest App */;
			targetProxy = 3F5E36471D1A7C31000C33D8 /* PBXContainerItemProxy */;
		};
/* End PBXTargetDependency section */

/* Begin PBXVariantGroup section */
		3F5E362E1D1A7C31000C33D8 /* Main.storyboard */ = {
			isa = PBXVariantGroup;
			children = (
				3F5E362F1D1A7C31000C33D8 /* Base */,
			);
			name = Main.storyboard;
			sourceTree = "<group>";
		};
		3F5E36331D1A7C31000C33D8 /* LaunchScreen.storyboard */ = {
			isa = PBXVariantGroup;
			children = (
				3F5E36341D1A7C31000C33D8 /* Base */,
			);
			name = LaunchScreen.storyboard;
			sourceTree = "<group>";
		};
/* End PBXVariantGroup section */

/* Begin XCBuildConfiguration section */
		3F5E364D1D1A7C31000C33D8 /* Debug */ = {
			isa = XCBuildConfiguration;
			buildSettings = {
				ALWAYS_SEARCH_USER_PATHS = NO;
				CLANG_ANALYZER_NONNULL = YES;
				CLANG_CXX_LANGUAGE_STANDARD = "gnu++0x";
				CLANG_CXX_LIBRARY = "libc++";
				CLANG_ENABLE_MODULES = YES;
				CLANG_ENABLE_OBJC_ARC = YES;
				CLANG_WARN_BOOL_CONVERSION = YES;
				CLANG_WARN_CONSTANT_CONVERSION = YES;
				CLANG_WARN_DIRECT_OBJC_ISA_USAGE = YES_ERROR;
				CLANG_WARN_EMPTY_BODY = YES;
				CLANG_WARN_ENUM_CONVERSION = YES;
				CLANG_WARN_INT_CONVERSION = YES;
				CLANG_WARN_OBJC_ROOT_CLASS = YES_ERROR;
				CLANG_WARN_UNREACHABLE_CODE = YES;
				CLANG_WARN__DUPLICATE_METHOD_MATCH = YES;
				"CODE_SIGN_IDENTITY[sdk=iphoneos*]" = "iPhone Developer";
				COPY_PHASE_STRIP = NO;
				DEBUG_INFORMATION_FORMAT = dwarf;
				ENABLE_STRICT_OBJC_MSGSEND = YES;
				ENABLE_TESTABILITY = YES;
				GCC_C_LANGUAGE_STANDARD = gnu99;
				GCC_DYNAMIC_NO_PIC = NO;
				GCC_NO_COMMON_BLOCKS = YES;
				GCC_OPTIMIZATION_LEVEL = 0;
				GCC_PREPROCESSOR_DEFINITIONS = (
					"DEBUG=1",
					"$(inherited)",
				);
				GCC_WARN_64_TO_32_BIT_CONVERSION = YES;
				GCC_WARN_ABOUT_RETURN_TYPE = YES_ERROR;
				GCC_WARN_UNDECLARED_SELECTOR = YES;
				GCC_WARN_UNINITIALIZED_AUTOS = YES_AGGRESSIVE;
				GCC_WARN_UNUSED_FUNCTION = YES;
				GCC_WARN_UNUSED_VARIABLE = YES;
				IPHONEOS_DEPLOYMENT_TARGET = 9.3;
				MTL_ENABLE_DEBUG_INFO = YES;
				ONLY_ACTIVE_ARCH = YES;
				SDKROOT = iphoneos;
				SWIFT_OPTIMIZATION_LEVEL = "-Onone";
			};
			name = Debug;
		};
		3F5E364E1D1A7C31000C33D8 /* Release */ = {
			isa = XCBuildConfiguration;
			buildSettings = {
				ALWAYS_SEARCH_USER_PATHS = NO;
				CLANG_ANALYZER_NONNULL = YES;
				CLANG_CXX_LANGUAGE_STANDARD = "gnu++0x";
				CLANG_CXX_LIBRARY = "libc++";
				CLANG_ENABLE_MODULES = YES;
				CLANG_ENABLE_OBJC_ARC = YES;
				CLANG_WARN_BOOL_CONVERSION = YES;
				CLANG_WARN_CONSTANT_CONVERSION = YES;
				CLANG_WARN_DIRECT_OBJC_ISA_USAGE = YES_ERROR;
				CLANG_WARN_EMPTY_BODY = YES;
				CLANG_WARN_ENUM_CONVERSION = YES;
				CLANG_WARN_INT_CONVERSION = YES;
				CLANG_WARN_OBJC_ROOT_CLASS = YES_ERROR;
				CLANG_WARN_UNREACHABLE_CODE = YES;
				CLANG_WARN__DUPLICATE_METHOD_MATCH = YES;
				"CODE_SIGN_IDENTITY[sdk=iphoneos*]" = "iPhone Developer";
				COPY_PHASE_STRIP = NO;
				DEBUG_INFORMATION_FORMAT = "dwarf-with-dsym";
				ENABLE_NS_ASSERTIONS = NO;
				ENABLE_STRICT_OBJC_MSGSEND = YES;
				GCC_C_LANGUAGE_STANDARD = gnu99;
				GCC_NO_COMMON_BLOCKS = YES;
				GCC_WARN_64_TO_32_BIT_CONVERSION = YES;
				GCC_WARN_ABOUT_RETURN_TYPE = YES_ERROR;
				GCC_WARN_UNDECLARED_SELECTOR = YES;
				GCC_WARN_UNINITIALIZED_AUTOS = YES_AGGRESSIVE;
				GCC_WARN_UNUSED_FUNCTION = YES;
				GCC_WARN_UNUSED_VARIABLE = YES;
				IPHONEOS_DEPLOYMENT_TARGET = 9.3;
				MTL_ENABLE_DEBUG_INFO = NO;
				SDKROOT = iphoneos;
				VALIDATE_PRODUCT = YES;
			};
			name = Release;
		};
		3F5E36501D1A7C31000C33D8 /* Debug */ = {
			isa = XCBuildConfiguration;
			buildSettings = {
				ASSETCATALOG_COMPILER_APPICON_NAME = AppIcon;
				CODE_SIGN_IDENTITY = "iPhone Developer";
				"CODE_SIGN_IDENTITY[sdk=iphoneos*]" = "iPhone Developer";
				INFOPLIST_FILE = "Office Forest App/Info.plist";
				IPHONEOS_DEPLOYMENT_TARGET = 8.3;
				LD_RUNPATH_SEARCH_PATHS = "$(inherited) @executable_path/Frameworks";
				PRODUCT_BUNDLE_IDENTIFIER = "SUTD-ZJU.Office-Forest-App";
				PRODUCT_NAME = "$(TARGET_NAME)";
				PROVISIONING_PROFILE = "";
			};
			name = Debug;
		};
		3F5E36511D1A7C31000C33D8 /* Release */ = {
			isa = XCBuildConfiguration;
			buildSettings = {
				ASSETCATALOG_COMPILER_APPICON_NAME = AppIcon;
				CODE_SIGN_IDENTITY = "iPhone Developer";
				"CODE_SIGN_IDENTITY[sdk=iphoneos*]" = "iPhone Developer";
				INFOPLIST_FILE = "Office Forest App/Info.plist";
				IPHONEOS_DEPLOYMENT_TARGET = 8.3;
				LD_RUNPATH_SEARCH_PATHS = "$(inherited) @executable_path/Frameworks";
				PRODUCT_BUNDLE_IDENTIFIER = "SUTD-ZJU.Office-Forest-App";
				PRODUCT_NAME = "$(TARGET_NAME)";
				PROVISIONING_PROFILE = "";
			};
			name = Release;
		};
		3F5E36531D1A7C31000C33D8 /* Debug */ = {
			isa = XCBuildConfiguration;
			buildSettings = {
				BUNDLE_LOADER = "$(TEST_HOST)";
				INFOPLIST_FILE = "Office Forest AppTests/Info.plist";
				LD_RUNPATH_SEARCH_PATHS = "$(inherited) @executable_path/Frameworks @loader_path/Frameworks";
				PRODUCT_BUNDLE_IDENTIFIER = "SUTD-ZJU.Office-Forest-AppTests";
				PRODUCT_NAME = "$(TARGET_NAME)";
				TEST_HOST = "$(BUILT_PRODUCTS_DIR)/Office Forest App.app/Office Forest App";
			};
			name = Debug;
		};
		3F5E36541D1A7C31000C33D8 /* Release */ = {
			isa = XCBuildConfiguration;
			buildSettings = {
				BUNDLE_LOADER = "$(TEST_HOST)";
				INFOPLIST_FILE = "Office Forest AppTests/Info.plist";
				LD_RUNPATH_SEARCH_PATHS = "$(inherited) @executable_path/Frameworks @loader_path/Frameworks";
				PRODUCT_BUNDLE_IDENTIFIER = "SUTD-ZJU.Office-Forest-AppTests";
				PRODUCT_NAME = "$(TARGET_NAME)";
				TEST_HOST = "$(BUILT_PRODUCTS_DIR)/Office Forest App.app/Office Forest App";
			};
			name = Release;
		};
		3F5E36561D1A7C31000C33D8 /* Debug */ = {
			isa = XCBuildConfiguration;
			buildSettings = {
				INFOPLIST_FILE = "Office Forest AppUITests/Info.plist";
				LD_RUNPATH_SEARCH_PATHS = "$(inherited) @executable_path/Frameworks @loader_path/Frameworks";
				PRODUCT_BUNDLE_IDENTIFIER = "SUTD-ZJU.Office-Forest-AppUITests";
				PRODUCT_NAME = "$(TARGET_NAME)";
				TEST_TARGET_NAME = "Office Forest App";
			};
			name = Debug;
		};
		3F5E36571D1A7C31000C33D8 /* Release */ = {
			isa = XCBuildConfiguration;
			buildSettings = {
				INFOPLIST_FILE = "Office Forest AppUITests/Info.plist";
				LD_RUNPATH_SEARCH_PATHS = "$(inherited) @executable_path/Frameworks @loader_path/Frameworks";
				PRODUCT_BUNDLE_IDENTIFIER = "SUTD-ZJU.Office-Forest-AppUITests";
				PRODUCT_NAME = "$(TARGET_NAME)";
				TEST_TARGET_NAME = "Office Forest App";
			};
			name = Release;
		};
/* End XCBuildConfiguration section */

/* Begin XCConfigurationList section */
		3F5E36221D1A7C31000C33D8 /* Build configuration list for PBXProject "Office Forest App" */ = {
			isa = XCConfigurationList;
			buildConfigurations = (
				3F5E364D1D1A7C31000C33D8 /* Debug */,
				3F5E364E1D1A7C31000C33D8 /* Release */,
			);
			defaultConfigurationIsVisible = 0;
			defaultConfigurationName = Release;
		};
		3F5E364F1D1A7C31000C33D8 /* Build configuration list for PBXNativeTarget "Office Forest App" */ = {
			isa = XCConfigurationList;
			buildConfigurations = (
				3F5E36501D1A7C31000C33D8 /* Debug */,
				3F5E36511D1A7C31000C33D8 /* Release */,
			);
			defaultConfigurationIsVisible = 0;
			defaultConfigurationName = Release;
		};
		3F5E36521D1A7C31000C33D8 /* Build configuration list for PBXNativeTarget "Office Forest AppTests" */ = {
			isa = XCConfigurationList;
			buildConfigurations = (
				3F5E36531D1A7C31000C33D8 /* Debug */,
				3F5E36541D1A7C31000C33D8 /* Release */,
			);
			defaultConfigurationIsVisible = 0;
			defaultConfigurationName = Release;
		};
		3F5E36551D1A7C31000C33D8 /* Build configuration list for PBXNativeTarget "Office Forest AppUITests" */ = {
			isa = XCConfigurationList;
			buildConfigurations = (
				3F5E36561D1A7C31000C33D8 /* Debug */,
				3F5E36571D1A7C31000C33D8 /* Release */,
			);
			defaultConfigurationIsVisible = 0;
			defaultConfigurationName = Release;
		};
/* End XCConfigurationList section */
	};
	rootObject = 3F5E361F1D1A7C31000C33D8 /* Project object */;
}
